
Microsoft Visual Studio Solution File, Format Version 12.00
# Visual Studio 15
VisualStudioVersion = 15.0.28307.902
MinimumVisualStudioVersion = 10.0.40219.1
Project("{FAE04EC0-301F-11D3-BF4B-00C04F79EFBC}") = "DAL", "DAL\DAL.csproj", "{A203AC19-9499-41BA-87C7-4B103DB9ACBD}"
EndProject
Project("{FAE04EC0-301F-11D3-BF4B-00C04F79EFBC}") = "BL", "BL\BL.csproj", "{7EC3AFBE-F5A8-4970-BC53-7A42CF89B72A}"
EndProject
Project("{FAE04EC0-301F-11D3-BF4B-00C04F79EFBC}") = "API", "API\API.csproj", "{94A56531-A3BC-4BF0-B9BB-70BF3C6070A9}"
EndProject
Project("{FAE04EC0-301F-11D3-BF4B-00C04F79EFBC}") = "DTO", "DTO\DTO.csproj", "{85B634A7-080D-4613-A0C4-141B04B143F0}"
EndProject
Global
	GlobalSection(SolutionConfigurationPlatforms) = preSolution
		Debug|Any CPU = Debug|Any CPU
		Release|Any CPU = Release|Any CPU
	EndGlobalSection
	GlobalSection(ProjectConfigurationPlatforms) = postSolution
		{A203AC19-9499-41BA-87C7-4B103DB9ACBD}.Debug|Any CPU.ActiveCfg = Debug|Any CPU
		{A203AC19-9499-41BA-87C7-4B103DB9ACBD}.Debug|Any CPU.Build.0 = Debug|Any CPU
		{A203AC19-9499-41BA-87C7-4B103DB9ACBD}.Release|Any CPU.ActiveCfg = Release|Any CPU
		{A203AC19-9499-41BA-87C7-4B103DB9ACBD}.Release|Any CPU.Build.0 = Release|Any CPU
		{7EC3AFBE-F5A8-4970-BC53-7A42CF89B72A}.Debug|Any CPU.ActiveCfg = Debug|Any CPU
		{7EC3AFBE-F5A8-4970-BC53-7A42CF89B72A}.Debug|Any CPU.Build.0 = Debug|Any CPU
		{7EC3AFBE-F5A8-4970-BC53-7A42CF89B72A}.Release|Any CPU.ActiveCfg = Release|Any CPU
		{7EC3AFBE-F5A8-4970-BC53-7A42CF89B72A}.Release|Any CPU.Build.0 = Release|Any CPU
		{94A56531-A3BC-4BF0-B9BB-70BF3C6070A9}.Debug|Any CPU.ActiveCfg = Debug|Any CPU
		{94A56531-A3BC-4BF0-B9BB-70BF3C6070A9}.Debug|Any CPU.Build.0 = Debug|Any CPU
		{94A56531-A3BC-4BF0-B9BB-70BF3C6070A9}.Release|Any CPU.ActiveCfg = Release|Any CPU
		{94A56531-A3BC-4BF0-B9BB-70BF3C6070A9}.Release|Any CPU.Build.0 = Release|Any CPU
		{85B634A7-080D-4613-A0C4-141B04B143F0}.Debug|Any CPU.ActiveCfg = Debug|Any CPU
		{85B634A7-080D-4613-A0C4-141B04B143F0}.Debug|Any CPU.Build.0 = Debug|Any CPU
		{85B634A7-080D-4613-A0C4-141B04B143F0}.Release|Any CPU.ActiveCfg = Release|Any CPU
		{85B634A7-080D-4613-A0C4-141B04B143F0}.Release|Any CPU.Build.0 = Release|Any CPU
	EndGlobalSection
	GlobalSection(SolutionProperties) = preSolution
		HideSolutionNode = FALSE
	EndGlobalSection
	GlobalSection(ExtensibilityGlobals) = postSolution
		SolutionGuid = {DD123CC9-1AE0-4A0A-B637-560559403710}
	EndGlobalSection
EndGlobal
